
Microsoft Visual Studio Solution File, Format Version 12.00
# Visual Studio Version 17
VisualStudioVersion = 17.11.35303.130
MinimumVisualStudioVersion = 10.0.40219.1
Project("{FAE04EC0-301F-11D3-BF4B-00C04F79EFBC}") = "WordCards", "WordCards\WordCards.csproj", "{0AFC4811-B692-4850-80B5-09D4185471B2}"
EndProject
Global
	GlobalSection(SolutionConfigurationPlatforms) = preSolution
		Debug|Any CPU = Debug|Any CPU
		Release|Any CPU = Release|Any CPU
	EndGlobalSection
	GlobalSection(ProjectConfigurationPlatforms) = postSolution
		{0AFC4811-B692-4850-80B5-09D4185471B2}.Debug|Any CPU.ActiveCfg = Debug|Any CPU
		{0AFC4811-B692-4850-80B5-09D4185471B2}.Debug|Any CPU.Build.0 = Debug|Any CPU
		{0AFC4811-B692-4850-80B5-09D4185471B2}.Release|Any CPU.ActiveCfg = Release|Any CPU
		{0AFC4811-B692-4850-80B5-09D4185471B2}.Release|Any CPU.Build.0 = Release|Any CPU
	EndGlobalSection
	GlobalSection(SolutionProperties) = preSolution
		HideSolutionNode = FALSE
	EndGlobalSection
	GlobalSection(ExtensibilityGlobals) = postSolution
		SolutionGuid = {3382E8A4-8DCC-42AB-8B71-D2DFF89F42BC}
	EndGlobalSection
EndGlobal
